
Microsoft Visual Studio Solution File, Format Version 12.00
# Visual Studio 15
Project("{FAE04EC0-301F-11D3-BF4B-00C04F79EFBC}") = "Library.Web", "src\Endpoints\Library.Web\Library.Web.csproj", "{2FA32F44-841A-4FE5-AC5B-A2F1A264870A}"
EndProject
Project("{2150E333-8FDC-42A3-9474-1A3956D46DE8}") = "Endpoints", "Endpoints", "{ACBE20B8-C698-4D97-866D-52C0B7961485}"
EndProject
Project("{2150E333-8FDC-42A3-9474-1A3956D46DE8}") = "Test", "Test", "{AB198F10-9F2A-475D-AE84-F0527B785D40}"
EndProject
Project("{FAE04EC0-301F-11D3-BF4B-00C04F79EFBC}") = "Test.UT", "src\Tests\Test.UT\Test.UT.csproj", "{7125B4C9-DEDD-4197-BDB8-C518607366D1}"
EndProject
Project("{2150E333-8FDC-42A3-9474-1A3956D46DE8}") = "Domain", "Domain", "{0BFB8AA5-BDF5-480D-B841-C2E262515611}"
EndProject
Project("{2150E333-8FDC-42A3-9474-1A3956D46DE8}") = "Infrastructure", "Infrastructure", "{CFB5009F-379A-44AF-8CFB-4544504D5AA7}"
EndProject
Project("{FAE04EC0-301F-11D3-BF4B-00C04F79EFBC}") = "CleanArchitecture.Base", "src\Domain\CleanArchitecture.Base\CleanArchitecture.Base.csproj", "{935086F9-4D6A-4C0B-A5C2-6E84AC009324}"
EndProject
Global
	GlobalSection(SolutionConfigurationPlatforms) = preSolution
		Debug|Any CPU = Debug|Any CPU
		Release|Any CPU = Release|Any CPU
	EndGlobalSection
	GlobalSection(ProjectConfigurationPlatforms) = postSolution
		{2FA32F44-841A-4FE5-AC5B-A2F1A264870A}.Debug|Any CPU.ActiveCfg = Debug|Any CPU
		{2FA32F44-841A-4FE5-AC5B-A2F1A264870A}.Debug|Any CPU.Build.0 = Debug|Any CPU
		{2FA32F44-841A-4FE5-AC5B-A2F1A264870A}.Release|Any CPU.ActiveCfg = Release|Any CPU
		{2FA32F44-841A-4FE5-AC5B-A2F1A264870A}.Release|Any CPU.Build.0 = Release|Any CPU
		{7125B4C9-DEDD-4197-BDB8-C518607366D1}.Debug|Any CPU.ActiveCfg = Debug|Any CPU
		{7125B4C9-DEDD-4197-BDB8-C518607366D1}.Debug|Any CPU.Build.0 = Debug|Any CPU
		{7125B4C9-DEDD-4197-BDB8-C518607366D1}.Release|Any CPU.ActiveCfg = Release|Any CPU
		{7125B4C9-DEDD-4197-BDB8-C518607366D1}.Release|Any CPU.Build.0 = Release|Any CPU
		{935086F9-4D6A-4C0B-A5C2-6E84AC009324}.Debug|Any CPU.ActiveCfg = Debug|Any CPU
		{935086F9-4D6A-4C0B-A5C2-6E84AC009324}.Debug|Any CPU.Build.0 = Debug|Any CPU
		{935086F9-4D6A-4C0B-A5C2-6E84AC009324}.Release|Any CPU.ActiveCfg = Release|Any CPU
		{935086F9-4D6A-4C0B-A5C2-6E84AC009324}.Release|Any CPU.Build.0 = Release|Any CPU
	EndGlobalSection
	GlobalSection(NestedProjects) = preSolution
		{2FA32F44-841A-4FE5-AC5B-A2F1A264870A} = {ACBE20B8-C698-4D97-866D-52C0B7961485}
		{7125B4C9-DEDD-4197-BDB8-C518607366D1} = {AB198F10-9F2A-475D-AE84-F0527B785D40}
		{935086F9-4D6A-4C0B-A5C2-6E84AC009324} = {0BFB8AA5-BDF5-480D-B841-C2E262515611}
	EndGlobalSection
EndGlobal
